// !$*UTF8*$!
{
	archiveVersion = 1;
	classes = {
	};
	objectVersion = 45;
	objects = {

/* Begin PBXBuildFile section */
		1D3623260D0F684500981E51 /* ImageBlendingAppDelegate.m in Sources */ = {isa = PBXBuildFile; fileRef = 1D3623250D0F684500981E51 /* ImageBlendingAppDelegate.m */; };
		1D60589B0D05DD56006BFB54 /* main.m in Sources */ = {isa = PBXBuildFile; fileRef = 29B97316FDCFA39411CA2CEA /* main.m */; };
		1D60589F0D05DD5A006BFB54 /* Foundation.framework in Frameworks */ = {isa = PBXBuildFile; fileRef = 1D30AB110D05D00D00671497 /* Foundation.framework */; };
		1DF5F4E00D08C38300B7A737 /* UIKit.framework in Frameworks */ = {isa = PBXBuildFile; fileRef = 1DF5F4DF0D08C38300B7A737 /* UIKit.framework */; };
		288765A50DF7441C002DB57D /* CoreGraphics.framework in Frameworks */ = {isa = PBXBuildFile; fileRef = 288765A40DF7441C002DB57D /* CoreGraphics.framework */; };
		2899E5220DE3E06400AC0155 /* ImageBlendingViewController.xib in Resources */ = {isa = PBXBuildFile; fileRef = 2899E5210DE3E06400AC0155 /* ImageBlendingViewController.xib */; };
		28AD733F0D9D9553002E5188 /* MainWindow.xib in Resources */ = {isa = PBXBuildFile; fileRef = 28AD733E0D9D9553002E5188 /* MainWindow.xib */; };
		28D7ACF80DDB3853001CB0EB /* ImageBlendingViewController.m in Sources */ = {isa = PBXBuildFile; fileRef = 28D7ACF70DDB3853001CB0EB /* ImageBlendingViewController.m */; };
		8BC58991123951F80039F539 /* poison_shield.png in Resources */ = {isa = PBXBuildFile; fileRef = 8BC5898D123951F80039F539 /* poison_shield.png */; };
		8BC58992123951F80039F539 /* poison_shield@2x.png in Resources */ = {isa = PBXBuildFile; fileRef = 8BC5898E123951F80039F539 /* poison_shield@2x.png */; };
		8BC58993123951F80039F539 /* red_shield_overlay.png in Resources */ = {isa = PBXBuildFile; fileRef = 8BC5898F123951F80039F539 /* red_shield_overlay.png */; };
		8BC58994123951F80039F539 /* red_shield_overlay@2x.png in Resources */ = {isa = PBXBuildFile; fileRef = 8BC58990123951F80039F539 /* red_shield_overlay@2x.png */; };
		8BC58ACC123A973A0039F539 /* CoreGraphicsAdditions.c in Sources */ = {isa = PBXBuildFile; fileRef = 8BC58AC8123A973A0039F539 /* CoreGraphicsAdditions.c */; };
		8BC58ACD123A973A0039F539 /* UIImage+ImageBlending.m in Sources */ = {isa = PBXBuildFile; fileRef = 8BC58ACB123A973A0039F539 /* UIImage+ImageBlending.m */; };
		9AAB5731123ED9A800E1BFC5 /* UIImage+ImageResizing.m in Sources */ = {isa = PBXBuildFile; fileRef = 9AAB5730123ED9A800E1BFC5 /* UIImage+ImageResizing.m */; };
/* End PBXBuildFile section */

/* Begin PBXFileReference section */
		1D30AB110D05D00D00671497 /* Foundation.framework */ = {isa = PBXFileReference; lastKnownFileType = wrapper.framework; name = Foundation.framework; path = System/Library/Frameworks/Foundation.framework; sourceTree = SDKROOT; };
		1D3623240D0F684500981E51 /* ImageBlendingAppDelegate.h */ = {isa = PBXFileReference; fileEncoding = 4; lastKnownFileType = sourcecode.c.h; path = ImageBlendingAppDelegate.h; sourceTree = "<group>"; };
		1D3623250D0F684500981E51 /* ImageBlendingAppDelegate.m */ = {isa = PBXFileReference; fileEncoding = 4; lastKnownFileType = sourcecode.c.objc; path = ImageBlendingAppDelegate.m; sourceTree = "<group>"; };
		1D6058910D05DD3D006BFB54 /* ImageBlending.app */ = {isa = PBXFileReference; explicitFileType = wrapper.application; includeInIndex = 0; path = ImageBlending.app; sourceTree = BUILT_PRODUCTS_DIR; };
		1DF5F4DF0D08C38300B7A737 /* UIKit.framework */ = {isa = PBXFileReference; lastKnownFileType = wrapper.framework; name = UIKit.framework; path = System/Library/Frameworks/UIKit.framework; sourceTree = SDKROOT; };
		288765A40DF7441C002DB57D /* CoreGraphics.framework */ = {isa = PBXFileReference; lastKnownFileType = wrapper.framework; name = CoreGraphics.framework; path = System/Library/Frameworks/CoreGraphics.framework; sourceTree = SDKROOT; };
		2899E5210DE3E06400AC0155 /* ImageBlendingViewController.xib */ = {isa = PBXFileReference; lastKnownFileType = file.xib; path = ImageBlendingViewController.xib; sourceTree = "<group>"; };
		28AD733E0D9D9553002E5188 /* MainWindow.xib */ = {isa = PBXFileReference; lastKnownFileType = file.xib; path = MainWindow.xib; sourceTree = "<group>"; };
		28D7ACF60DDB3853001CB0EB /* ImageBlendingViewController.h */ = {isa = PBXFileReference; fileEncoding = 4; lastKnownFileType = sourcecode.c.h; path = ImageBlendingViewController.h; sourceTree = "<group>"; };
		28D7ACF70DDB3853001CB0EB /* ImageBlendingViewController.m */ = {isa = PBXFileReference; fileEncoding = 4; lastKnownFileType = sourcecode.c.objc; path = ImageBlendingViewController.m; sourceTree = "<group>"; };
		29B97316FDCFA39411CA2CEA /* main.m */ = {isa = PBXFileReference; fileEncoding = 4; lastKnownFileType = sourcecode.c.objc; path = main.m; sourceTree = "<group>"; };
		32CA4F630368D1EE00C91783 /* ImageBlending_Prefix.pch */ = {isa = PBXFileReference; fileEncoding = 4; lastKnownFileType = sourcecode.c.h; path = ImageBlending_Prefix.pch; sourceTree = "<group>"; };
		8BC5898D123951F80039F539 /* poison_shield.png */ = {isa = PBXFileReference; lastKnownFileType = image.png; path = poison_shield.png; sourceTree = "<group>"; };
		8BC5898E123951F80039F539 /* poison_shield@2x.png */ = {isa = PBXFileReference; lastKnownFileType = image.png; path = "poison_shield@2x.png"; sourceTree = "<group>"; };
		8BC5898F123951F80039F539 /* red_shield_overlay.png */ = {isa = PBXFileReference; lastKnownFileType = image.png; path = red_shield_overlay.png; sourceTree = "<group>"; };
		8BC58990123951F80039F539 /* red_shield_overlay@2x.png */ = {isa = PBXFileReference; lastKnownFileType = image.png; path = "red_shield_overlay@2x.png"; sourceTree = "<group>"; };
		8BC58AC8123A973A0039F539 /* CoreGraphicsAdditions.c */ = {isa = PBXFileReference; fileEncoding = 4; lastKnownFileType = sourcecode.c.c; path = CoreGraphicsAdditions.c; sourceTree = "<group>"; };
		8BC58AC9123A973A0039F539 /* CoreGraphicsAdditions.h */ = {isa = PBXFileReference; fileEncoding = 4; lastKnownFileType = sourcecode.c.h; path = CoreGraphicsAdditions.h; sourceTree = "<group>"; };
		8BC58ACA123A973A0039F539 /* UIImage+ImageBlending.h */ = {isa = PBXFileReference; fileEncoding = 4; lastKnownFileType = sourcecode.c.h; path = "UIImage+ImageBlending.h"; sourceTree = "<group>"; };
		8BC58ACB123A973A0039F539 /* UIImage+ImageBlending.m */ = {isa = PBXFileReference; fileEncoding = 4; lastKnownFileType = sourcecode.c.objc; path = "UIImage+ImageBlending.m"; sourceTree = "<group>"; };
		8D1107310486CEB800E47090 /* ImageBlending-Info.plist */ = {isa = PBXFileReference; fileEncoding = 4; lastKnownFileType = text.plist.xml; path = "ImageBlending-Info.plist"; plistStructureDefinitionIdentifier = "com.apple.xcode.plist.structure-definition.iphone.info-plist"; sourceTree = "<group>"; };
		9AAB5724123ED8EF00E1BFC5 /* CKImageAdditions.h */ = {isa = PBXFileReference; fileEncoding = 4; lastKnownFileType = sourcecode.c.h; path = CKImageAdditions.h; sourceTree = "<group>"; };
		9AAB572F123ED9A800E1BFC5 /* UIImage+ImageResizing.h */ = {isa = PBXFileReference; fileEncoding = 4; lastKnownFileType = sourcecode.c.h; path = "UIImage+ImageResizing.h"; sourceTree = "<group>"; };
		9AAB5730123ED9A800E1BFC5 /* UIImage+ImageResizing.m */ = {isa = PBXFileReference; fileEncoding = 4; lastKnownFileType = sourcecode.c.objc; path = "UIImage+ImageResizing.m"; sourceTree = "<group>"; };
/* End PBXFileReference section */

/* Begin PBXFrameworksBuildPhase section */
		1D60588F0D05DD3D006BFB54 /* Frameworks */ = {
			isa = PBXFrameworksBuildPhase;
			buildActionMask = 2147483647;
			files = (
				1D60589F0D05DD5A006BFB54 /* Foundation.framework in Frameworks */,
				1DF5F4E00D08C38300B7A737 /* UIKit.framework in Frameworks */,
				288765A50DF7441C002DB57D /* CoreGraphics.framework in Frameworks */,
			);
			runOnlyForDeploymentPostprocessing = 0;
		};
/* End PBXFrameworksBuildPhase section */

/* Begin PBXGroup section */
		080E96DDFE201D6D7F000001 /* Classes */ = {
			isa = PBXGroup;
			children = (
				1D3623240D0F684500981E51 /* ImageBlendingAppDelegate.h */,
				1D3623250D0F684500981E51 /* ImageBlendingAppDelegate.m */,
				28D7ACF60DDB3853001CB0EB /* ImageBlendingViewController.h */,
				28D7ACF70DDB3853001CB0EB /* ImageBlendingViewController.m */,
			);
			path = Classes;
			sourceTree = "<group>";
		};
		19C28FACFE9D520D11CA2CBB /* Products */ = {
			isa = PBXGroup;
			children = (
				1D6058910D05DD3D006BFB54 /* ImageBlending.app */,
			);
			name = Products;
			sourceTree = "<group>";
		};
		29B97314FDCFA39411CA2CEA /* CustomTemplate */ = {
			isa = PBXGroup;
			children = (
				8BC58AC7123A973A0039F539 /* ImageAdditions */,
				080E96DDFE201D6D7F000001 /* Classes */,
				29B97315FDCFA39411CA2CEA /* Other Sources */,
				29B97317FDCFA39411CA2CEA /* Resources */,
				29B97323FDCFA39411CA2CEA /* Frameworks */,
				19C28FACFE9D520D11CA2CBB /* Products */,
			);
			name = CustomTemplate;
			sourceTree = "<group>";
		};
		29B97315FDCFA39411CA2CEA /* Other Sources */ = {
			isa = PBXGroup;
			children = (
				32CA4F630368D1EE00C91783 /* ImageBlending_Prefix.pch */,
				29B97316FDCFA39411CA2CEA /* main.m */,
			);
			name = "Other Sources";
			sourceTree = "<group>";
		};
		29B97317FDCFA39411CA2CEA /* Resources */ = {
			isa = PBXGroup;
			children = (
				8BC5898D123951F80039F539 /* poison_shield.png */,
				8BC5898E123951F80039F539 /* poison_shield@2x.png */,
				8BC5898F123951F80039F539 /* red_shield_overlay.png */,
				8BC58990123951F80039F539 /* red_shield_overlay@2x.png */,
				2899E5210DE3E06400AC0155 /* ImageBlendingViewController.xib */,
				28AD733E0D9D9553002E5188 /* MainWindow.xib */,
				8D1107310486CEB800E47090 /* ImageBlending-Info.plist */,
			);
			name = Resources;
			sourceTree = "<group>";
		};
		29B97323FDCFA39411CA2CEA /* Frameworks */ = {
			isa = PBXGroup;
			children = (
				1DF5F4DF0D08C38300B7A737 /* UIKit.framework */,
				1D30AB110D05D00D00671497 /* Foundation.framework */,
				288765A40DF7441C002DB57D /* CoreGraphics.framework */,
			);
			name = Frameworks;
			sourceTree = "<group>";
		};
		8BC58AC7123A973A0039F539 /* ImageAdditions */ = {
			isa = PBXGroup;
			children = (
				9AAB5724123ED8EF00E1BFC5 /* CKImageAdditions.h */,
				8BC58AC9123A973A0039F539 /* CoreGraphicsAdditions.h */,
				8BC58AC8123A973A0039F539 /* CoreGraphicsAdditions.c */,
				8BC58ACA123A973A0039F539 /* UIImage+ImageBlending.h */,
				8BC58ACB123A973A0039F539 /* UIImage+ImageBlending.m */,
				9AAB572F123ED9A800E1BFC5 /* UIImage+ImageResizing.h */,
				9AAB5730123ED9A800E1BFC5 /* UIImage+ImageResizing.m */,
			);
			name = ImageAdditions;
			path = ../../ImageAdditions;
			sourceTree = "<group>";
		};
/* End PBXGroup section */

/* Begin PBXNativeTarget section */
		1D6058900D05DD3D006BFB54 /* ImageBlending */ = {
			isa = PBXNativeTarget;
			buildConfigurationList = 1D6058960D05DD3E006BFB54 /* Build configuration list for PBXNativeTarget "ImageBlending" */;
			buildPhases = (
				1D60588D0D05DD3D006BFB54 /* Resources */,
				1D60588E0D05DD3D006BFB54 /* Sources */,
				1D60588F0D05DD3D006BFB54 /* Frameworks */,
			);
			buildRules = (
			);
			dependencies = (
			);
			name = ImageBlending;
			productName = ImageBlending;
			productReference = 1D6058910D05DD3D006BFB54 /* ImageBlending.app */;
			productType = "com.apple.product-type.application";
		};
/* End PBXNativeTarget section */

/* Begin PBXProject section */
		29B97313FDCFA39411CA2CEA /* Project object */ = {
			isa = PBXProject;
			attributes = {
				ORGANIZATIONNAME = "Cory Kilger";
			};
			buildConfigurationList = C01FCF4E08A954540054247B /* Build configuration list for PBXProject "ImageBlending" */;
			compatibilityVersion = "Xcode 3.1";
			developmentRegion = English;
			hasScannedForEncodings = 1;
			knownRegions = (
				English,
				Japanese,
				French,
				German,
			);
			mainGroup = 29B97314FDCFA39411CA2CEA /* CustomTemplate */;
			projectDirPath = "";
			projectRoot = "";
			targets = (
				1D6058900D05DD3D006BFB54 /* ImageBlending */,
			);
		};
/* End PBXProject section */

/* Begin PBXResourcesBuildPhase section */
		1D60588D0D05DD3D006BFB54 /* Resources */ = {
			isa = PBXResourcesBuildPhase;
			buildActionMask = 2147483647;
			files = (
				28AD733F0D9D9553002E5188 /* MainWindow.xib in Resources */,
				2899E5220DE3E06400AC0155 /* ImageBlendingViewController.xib in Resources */,
				8BC58991123951F80039F539 /* poison_shield.png in Resources */,
				8BC58992123951F80039F539 /* poison_shield@2x.png in Resources */,
				8BC58993123951F80039F539 /* red_shield_overlay.png in Resources */,
				8BC58994123951F80039F539 /* red_shield_overlay@2x.png in Resources */,
			);
			runOnlyForDeploymentPostprocessing = 0;
		};
/* End PBXResourcesBuildPhase section */

/* Begin PBXSourcesBuildPhase section */
		1D60588E0D05DD3D006BFB54 /* Sources */ = {
			isa = PBXSourcesBuildPhase;
			buildActionMask = 2147483647;
			files = (
				1D60589B0D05DD56006BFB54 /* main.m in Sources */,
				1D3623260D0F684500981E51 /* ImageBlendingAppDelegate.m in Sources */,
				28D7ACF80DDB3853001CB0EB /* ImageBlendingViewController.m in Sources */,
				8BC58ACC123A973A0039F539 /* CoreGraphicsAdditions.c in Sources */,
				8BC58ACD123A973A0039F539 /* UIImage+ImageBlending.m in Sources */,
				9AAB5731123ED9A800E1BFC5 /* UIImage+ImageResizing.m in Sources */,
			);
			runOnlyForDeploymentPostprocessing = 0;
		};
/* End PBXSourcesBuildPhase section */

/* Begin XCBuildConfiguration section */
		1D6058940D05DD3E006BFB54 /* Debug */ = {
			isa = XCBuildConfiguration;
			buildSettings = {
				ALWAYS_SEARCH_USER_PATHS = NO;
				COPY_PHASE_STRIP = NO;
				GCC_DYNAMIC_NO_PIC = NO;
				GCC_OPTIMIZATION_LEVEL = 0;
				GCC_PRECOMPILE_PREFIX_HEADER = YES;
				GCC_PREFIX_HEADER = ImageBlending_Prefix.pch;
				INFOPLIST_FILE = "ImageBlending-Info.plist";
				PRODUCT_NAME = ImageBlending;
			};
			name = Debug;
		};
		1D6058950D05DD3E006BFB54 /* Release */ = {
			isa = XCBuildConfiguration;
			buildSettings = {
				ALWAYS_SEARCH_USER_PATHS = NO;
				COPY_PHASE_STRIP = YES;
				GCC_PRECOMPILE_PREFIX_HEADER = YES;
				GCC_PREFIX_HEADER = ImageBlending_Prefix.pch;
				INFOPLIST_FILE = "ImageBlending-Info.plist";
				PRODUCT_NAME = ImageBlending;
				VALIDATE_PRODUCT = YES;
			};
			name = Release;
		};
		C01FCF4F08A954540054247B /* Debug */ = {
			isa = XCBuildConfiguration;
			buildSettings = {
				ARCHS = "$(ARCHS_STANDARD_32_BIT)";
				"CODE_SIGN_IDENTITY[sdk=iphoneos*]" = "iPhone Developer";
				GCC_C_LANGUAGE_STANDARD = c99;
				GCC_WARN_ABOUT_RETURN_TYPE = YES;
				GCC_WARN_UNUSED_VARIABLE = YES;
				PREBINDING = NO;
				SDKROOT = iphoneos4.1;
			};
			name = Debug;
		};
		C01FCF5008A954540054247B /* Release */ = {
			isa = XCBuildConfiguration;
			buildSettings = {
				ARCHS = "$(ARCHS_STANDARD_32_BIT)";
				"CODE_SIGN_IDENTITY[sdk=iphoneos*]" = "iPhone Developer";
				GCC_C_LANGUAGE_STANDARD = c99;
				GCC_WARN_ABOUT_RETURN_TYPE = YES;
				GCC_WARN_UNUSED_VARIABLE = YES;
				OTHER_CFLAGS = "-DNS_BLOCK_ASSERTIONS=1";
				PREBINDING = NO;
				SDKROOT = iphoneos4.1;
			};
			name = Release;
		};
/* End XCBuildConfiguration section */

/* Begin XCConfigurationList section */
		1D6058960D05DD3E006BFB54 /* Build configuration list for PBXNativeTarget "ImageBlending" */ = {
			isa = XCConfigurationList;
			buildConfigurations = (
				1D6058940D05DD3E006BFB54 /* Debug */,
				1D6058950D05DD3E006BFB54 /* Release */,
			);
			defaultConfigurationIsVisible = 0;
			defaultConfigurationName = Release;
		};
		C01FCF4E08A954540054247B /* Build configuration list for PBXProject "ImageBlending" */ = {
			isa = XCConfigurationList;
			buildConfigurations = (
				C01FCF4F08A954540054247B /* Debug */,
				C01FCF5008A954540054247B /* Release */,
			);
			defaultConfigurationIsVisible = 0;
			defaultConfigurationName = Release;
		};
/* End XCConfigurationList section */
	};
	rootObject = 29B97313FDCFA39411CA2CEA /* Project object */;
}
