// !$*UTF8*$!
{
	archiveVersion = 1;
	classes = {
	};
	objectVersion = 46;
	objects = {

/* Begin PBXBuildFile section */
		9A12A7CC138884D10029554D /* Foundation.framework in Frameworks */ = {isa = PBXBuildFile; fileRef = 9A12A7CB138884D10029554D /* Foundation.framework */; };
		9A12A7D7138884D10029554D /* UIKit.framework in Frameworks */ = {isa = PBXBuildFile; fileRef = 9A12A7D6138884D10029554D /* UIKit.framework */; };
		9A12A7D8138884D10029554D /* Foundation.framework in Frameworks */ = {isa = PBXBuildFile; fileRef = 9A12A7CB138884D10029554D /* Foundation.framework */; };
		9A12A7DA138884D10029554D /* CoreGraphics.framework in Frameworks */ = {isa = PBXBuildFile; fileRef = 9A12A7D9138884D10029554D /* CoreGraphics.framework */; };
		9A12A7DD138884D10029554D /* libImageAdditions.a in Frameworks */ = {isa = PBXBuildFile; fileRef = 9A12A7C8138884D10029554D /* libImageAdditions.a */; };
		9A12A7E3138884D10029554D /* InfoPlist.strings in Resources */ = {isa = PBXBuildFile; fileRef = 9A12A7E1138884D10029554D /* InfoPlist.strings */; };
		9A12A7E6138884D10029554D /* ImageAdditionsTests.h in Resources */ = {isa = PBXBuildFile; fileRef = 9A12A7E5138884D10029554D /* ImageAdditionsTests.h */; };
		9A12A7E8138884D10029554D /* ImageAdditionsTests.m in Sources */ = {isa = PBXBuildFile; fileRef = 9A12A7E7138884D10029554D /* ImageAdditionsTests.m */; };
		9A12A805138888890029554D /* CKImageAdditions.h in Headers */ = {isa = PBXBuildFile; fileRef = 9A12A7F6138888890029554D /* CKImageAdditions.h */; };
		9A12A806138888890029554D /* CoreGraphicsAdditions.c in Sources */ = {isa = PBXBuildFile; fileRef = 9A12A7F7138888890029554D /* CoreGraphicsAdditions.c */; };
		9A12A807138888890029554D /* CoreGraphicsAdditions.c in Sources */ = {isa = PBXBuildFile; fileRef = 9A12A7F7138888890029554D /* CoreGraphicsAdditions.c */; };
		9A12A808138888890029554D /* CoreGraphicsAdditions.h in Headers */ = {isa = PBXBuildFile; fileRef = 9A12A7F8138888890029554D /* CoreGraphicsAdditions.h */; };
		9A12A809138888890029554D /* UIImage+ImageBlending.h in Headers */ = {isa = PBXBuildFile; fileRef = 9A12A7F9138888890029554D /* UIImage+ImageBlending.h */; };
		9A12A80A138888890029554D /* UIImage+ImageBlending.m in Sources */ = {isa = PBXBuildFile; fileRef = 9A12A7FA138888890029554D /* UIImage+ImageBlending.m */; };
		9A12A80B138888890029554D /* UIImage+ImageBlending.m in Sources */ = {isa = PBXBuildFile; fileRef = 9A12A7FA138888890029554D /* UIImage+ImageBlending.m */; };
		9A12A80C138888890029554D /* UIImage+ImageColoring.h in Headers */ = {isa = PBXBuildFile; fileRef = 9A12A7FB138888890029554D /* UIImage+ImageColoring.h */; };
		9A12A80D138888890029554D /* UIImage+ImageColoring.m in Sources */ = {isa = PBXBuildFile; fileRef = 9A12A7FC138888890029554D /* UIImage+ImageColoring.m */; };
		9A12A80E138888890029554D /* UIImage+ImageColoring.m in Sources */ = {isa = PBXBuildFile; fileRef = 9A12A7FC138888890029554D /* UIImage+ImageColoring.m */; };
		9A12A80F138888890029554D /* UIImage+ImageResizing.h in Headers */ = {isa = PBXBuildFile; fileRef = 9A12A7FD138888890029554D /* UIImage+ImageResizing.h */; };
		9A12A810138888890029554D /* UIImage+ImageResizing.m in Sources */ = {isa = PBXBuildFile; fileRef = 9A12A7FE138888890029554D /* UIImage+ImageResizing.m */; };
		9A12A811138888890029554D /* UIImage+ImageResizing.m in Sources */ = {isa = PBXBuildFile; fileRef = 9A12A7FE138888890029554D /* UIImage+ImageResizing.m */; };
		9A12A812138888890029554D /* UIImage+ImageRounding.h in Headers */ = {isa = PBXBuildFile; fileRef = 9A12A7FF138888890029554D /* UIImage+ImageRounding.h */; };
		9A12A813138888890029554D /* UIImage+ImageRounding.m in Sources */ = {isa = PBXBuildFile; fileRef = 9A12A800138888890029554D /* UIImage+ImageRounding.m */; };
		9A12A814138888890029554D /* UIImage+ImageRounding.m in Sources */ = {isa = PBXBuildFile; fileRef = 9A12A800138888890029554D /* UIImage+ImageRounding.m */; };
		9A12A815138888890029554D /* UIImage+ImageTrimming.h in Headers */ = {isa = PBXBuildFile; fileRef = 9A12A801138888890029554D /* UIImage+ImageTrimming.h */; };
		9A12A816138888890029554D /* UIImage+ImageTrimming.m in Sources */ = {isa = PBXBuildFile; fileRef = 9A12A802138888890029554D /* UIImage+ImageTrimming.m */; };
		9A12A817138888890029554D /* UIImage+ImageTrimming.m in Sources */ = {isa = PBXBuildFile; fileRef = 9A12A802138888890029554D /* UIImage+ImageTrimming.m */; };
		9A12A818138888890029554D /* UIKitAdditions.h in Headers */ = {isa = PBXBuildFile; fileRef = 9A12A803138888890029554D /* UIKitAdditions.h */; };
		9A12A819138888890029554D /* UIKitAdditions.m in Sources */ = {isa = PBXBuildFile; fileRef = 9A12A804138888890029554D /* UIKitAdditions.m */; };
		9A12A81A138888890029554D /* UIKitAdditions.m in Sources */ = {isa = PBXBuildFile; fileRef = 9A12A804138888890029554D /* UIKitAdditions.m */; };
/* End PBXBuildFile section */

/* Begin PBXContainerItemProxy section */
		9A12A7DB138884D10029554D /* PBXContainerItemProxy */ = {
			isa = PBXContainerItemProxy;
			containerPortal = 9A12A7BF138884D00029554D /* Project object */;
			proxyType = 1;
			remoteGlobalIDString = 9A12A7C7138884D10029554D;
			remoteInfo = ImageAdditions;
		};
/* End PBXContainerItemProxy section */

/* Begin PBXFileReference section */
		9A12A7C8138884D10029554D /* libImageAdditions.a */ = {isa = PBXFileReference; explicitFileType = archive.ar; includeInIndex = 0; path = libImageAdditions.a; sourceTree = BUILT_PRODUCTS_DIR; };
		9A12A7CB138884D10029554D /* Foundation.framework */ = {isa = PBXFileReference; lastKnownFileType = wrapper.framework; name = Foundation.framework; path = System/Library/Frameworks/Foundation.framework; sourceTree = SDKROOT; };
		9A12A7D5138884D10029554D /* ImageAdditionsTests.octest */ = {isa = PBXFileReference; explicitFileType = wrapper.cfbundle; includeInIndex = 0; path = ImageAdditionsTests.octest; sourceTree = BUILT_PRODUCTS_DIR; };
		9A12A7D6138884D10029554D /* UIKit.framework */ = {isa = PBXFileReference; lastKnownFileType = wrapper.framework; name = UIKit.framework; path = System/Library/Frameworks/UIKit.framework; sourceTree = SDKROOT; };
		9A12A7D9138884D10029554D /* CoreGraphics.framework */ = {isa = PBXFileReference; lastKnownFileType = wrapper.framework; name = CoreGraphics.framework; path = System/Library/Frameworks/CoreGraphics.framework; sourceTree = SDKROOT; };
		9A12A7E0138884D10029554D /* ImageAdditionsTests-Info.plist */ = {isa = PBXFileReference; lastKnownFileType = text.plist.xml; path = "ImageAdditionsTests-Info.plist"; sourceTree = "<group>"; };
		9A12A7E2138884D10029554D /* en */ = {isa = PBXFileReference; lastKnownFileType = text.plist.strings; name = en; path = en.lproj/InfoPlist.strings; sourceTree = "<group>"; };
		9A12A7E4138884D10029554D /* ImageAdditionsTests-Prefix.pch */ = {isa = PBXFileReference; lastKnownFileType = sourcecode.c.h; path = "ImageAdditionsTests-Prefix.pch"; sourceTree = "<group>"; };
		9A12A7E5138884D10029554D /* ImageAdditionsTests.h */ = {isa = PBXFileReference; lastKnownFileType = sourcecode.c.h; path = ImageAdditionsTests.h; sourceTree = "<group>"; };
		9A12A7E7138884D10029554D /* ImageAdditionsTests.m */ = {isa = PBXFileReference; lastKnownFileType = sourcecode.c.objc; path = ImageAdditionsTests.m; sourceTree = "<group>"; };
		9A12A7F6138888890029554D /* CKImageAdditions.h */ = {isa = PBXFileReference; fileEncoding = 4; lastKnownFileType = sourcecode.c.h; path = CKImageAdditions.h; sourceTree = "<group>"; };
		9A12A7F7138888890029554D /* CoreGraphicsAdditions.c */ = {isa = PBXFileReference; fileEncoding = 4; lastKnownFileType = sourcecode.c.c; path = CoreGraphicsAdditions.c; sourceTree = "<group>"; };
		9A12A7F8138888890029554D /* CoreGraphicsAdditions.h */ = {isa = PBXFileReference; fileEncoding = 4; lastKnownFileType = sourcecode.c.h; path = CoreGraphicsAdditions.h; sourceTree = "<group>"; };
		9A12A7F9138888890029554D /* UIImage+ImageBlending.h */ = {isa = PBXFileReference; fileEncoding = 4; lastKnownFileType = sourcecode.c.h; path = "UIImage+ImageBlending.h"; sourceTree = "<group>"; };
		9A12A7FA138888890029554D /* UIImage+ImageBlending.m */ = {isa = PBXFileReference; fileEncoding = 4; lastKnownFileType = sourcecode.c.objc; path = "UIImage+ImageBlending.m"; sourceTree = "<group>"; };
		9A12A7FB138888890029554D /* UIImage+ImageColoring.h */ = {isa = PBXFileReference; fileEncoding = 4; lastKnownFileType = sourcecode.c.h; path = "UIImage+ImageColoring.h"; sourceTree = "<group>"; };
		9A12A7FC138888890029554D /* UIImage+ImageColoring.m */ = {isa = PBXFileReference; fileEncoding = 4; lastKnownFileType = sourcecode.c.objc; path = "UIImage+ImageColoring.m"; sourceTree = "<group>"; };
		9A12A7FD138888890029554D /* UIImage+ImageResizing.h */ = {isa = PBXFileReference; fileEncoding = 4; lastKnownFileType = sourcecode.c.h; path = "UIImage+ImageResizing.h"; sourceTree = "<group>"; };
		9A12A7FE138888890029554D /* UIImage+ImageResizing.m */ = {isa = PBXFileReference; fileEncoding = 4; lastKnownFileType = sourcecode.c.objc; path = "UIImage+ImageResizing.m"; sourceTree = "<group>"; };
		9A12A7FF138888890029554D /* UIImage+ImageRounding.h */ = {isa = PBXFileReference; fileEncoding = 4; lastKnownFileType = sourcecode.c.h; path = "UIImage+ImageRounding.h"; sourceTree = "<group>"; };
		9A12A800138888890029554D /* UIImage+ImageRounding.m */ = {isa = PBXFileReference; fileEncoding = 4; lastKnownFileType = sourcecode.c.objc; path = "UIImage+ImageRounding.m"; sourceTree = "<group>"; };
		9A12A801138888890029554D /* UIImage+ImageTrimming.h */ = {isa = PBXFileReference; fileEncoding = 4; lastKnownFileType = sourcecode.c.h; path = "UIImage+ImageTrimming.h"; sourceTree = "<group>"; };
		9A12A802138888890029554D /* UIImage+ImageTrimming.m */ = {isa = PBXFileReference; fileEncoding = 4; lastKnownFileType = sourcecode.c.objc; path = "UIImage+ImageTrimming.m"; sourceTree = "<group>"; };
		9A12A803138888890029554D /* UIKitAdditions.h */ = {isa = PBXFileReference; fileEncoding = 4; lastKnownFileType = sourcecode.c.h; path = UIKitAdditions.h; sourceTree = "<group>"; };
		9A12A804138888890029554D /* UIKitAdditions.m */ = {isa = PBXFileReference; fileEncoding = 4; lastKnownFileType = sourcecode.c.objc; path = UIKitAdditions.m; sourceTree = "<group>"; };
/* End PBXFileReference section */

/* Begin PBXFrameworksBuildPhase section */
		9A12A7C5138884D10029554D /* Frameworks */ = {
			isa = PBXFrameworksBuildPhase;
			buildActionMask = 2147483647;
			files = (
				9A12A7CC138884D10029554D /* Foundation.framework in Frameworks */,
			);
			runOnlyForDeploymentPostprocessing = 0;
		};
		9A12A7D1138884D10029554D /* Frameworks */ = {
			isa = PBXFrameworksBuildPhase;
			buildActionMask = 2147483647;
			files = (
				9A12A7D7138884D10029554D /* UIKit.framework in Frameworks */,
				9A12A7D8138884D10029554D /* Foundation.framework in Frameworks */,
				9A12A7DA138884D10029554D /* CoreGraphics.framework in Frameworks */,
				9A12A7DD138884D10029554D /* libImageAdditions.a in Frameworks */,
			);
			runOnlyForDeploymentPostprocessing = 0;
		};
/* End PBXFrameworksBuildPhase section */

/* Begin PBXGroup section */
		9A12A7BD138884D00029554D = {
			isa = PBXGroup;
			children = (
				9A12A7F5138888890029554D /* ImageAdditions */,
				9A12A7DE138884D10029554D /* ImageAdditionsTests */,
				9A12A7CA138884D10029554D /* Frameworks */,
				9A12A7C9138884D10029554D /* Products */,
			);
			sourceTree = "<group>";
		};
		9A12A7C9138884D10029554D /* Products */ = {
			isa = PBXGroup;
			children = (
				9A12A7C8138884D10029554D /* libImageAdditions.a */,
				9A12A7D5138884D10029554D /* ImageAdditionsTests.octest */,
			);
			name = Products;
			sourceTree = "<group>";
		};
		9A12A7CA138884D10029554D /* Frameworks */ = {
			isa = PBXGroup;
			children = (
				9A12A7CB138884D10029554D /* Foundation.framework */,
				9A12A7D6138884D10029554D /* UIKit.framework */,
				9A12A7D9138884D10029554D /* CoreGraphics.framework */,
			);
			name = Frameworks;
			sourceTree = "<group>";
		};
		9A12A7DE138884D10029554D /* ImageAdditionsTests */ = {
			isa = PBXGroup;
			children = (
				9A12A7E5138884D10029554D /* ImageAdditionsTests.h */,
				9A12A7E7138884D10029554D /* ImageAdditionsTests.m */,
				9A12A7DF138884D10029554D /* Supporting Files */,
			);
			path = ImageAdditionsTests;
			sourceTree = "<group>";
		};
		9A12A7DF138884D10029554D /* Supporting Files */ = {
			isa = PBXGroup;
			children = (
				9A12A7E0138884D10029554D /* ImageAdditionsTests-Info.plist */,
				9A12A7E1138884D10029554D /* InfoPlist.strings */,
				9A12A7E4138884D10029554D /* ImageAdditionsTests-Prefix.pch */,
			);
			name = "Supporting Files";
			sourceTree = "<group>";
		};
		9A12A7F5138888890029554D /* ImageAdditions */ = {
			isa = PBXGroup;
			children = (
				9A12A7F6138888890029554D /* CKImageAdditions.h */,
				9A12A7F7138888890029554D /* CoreGraphicsAdditions.c */,
				9A12A7F8138888890029554D /* CoreGraphicsAdditions.h */,
				9A12A7F9138888890029554D /* UIImage+ImageBlending.h */,
				9A12A7FA138888890029554D /* UIImage+ImageBlending.m */,
				9A12A7FB138888890029554D /* UIImage+ImageColoring.h */,
				9A12A7FC138888890029554D /* UIImage+ImageColoring.m */,
				9A12A7FD138888890029554D /* UIImage+ImageResizing.h */,
				9A12A7FE138888890029554D /* UIImage+ImageResizing.m */,
				9A12A7FF138888890029554D /* UIImage+ImageRounding.h */,
				9A12A800138888890029554D /* UIImage+ImageRounding.m */,
				9A12A801138888890029554D /* UIImage+ImageTrimming.h */,
				9A12A802138888890029554D /* UIImage+ImageTrimming.m */,
				9A12A803138888890029554D /* UIKitAdditions.h */,
				9A12A804138888890029554D /* UIKitAdditions.m */,
			);
			path = ImageAdditions;
			sourceTree = "<group>";
		};
/* End PBXGroup section */

/* Begin PBXHeadersBuildPhase section */
		9A12A7C6138884D10029554D /* Headers */ = {
			isa = PBXHeadersBuildPhase;
			buildActionMask = 2147483647;
			files = (
				9A12A805138888890029554D /* CKImageAdditions.h in Headers */,
				9A12A808138888890029554D /* CoreGraphicsAdditions.h in Headers */,
				9A12A809138888890029554D /* UIImage+ImageBlending.h in Headers */,
				9A12A80C138888890029554D /* UIImage+ImageColoring.h in Headers */,
				9A12A80F138888890029554D /* UIImage+ImageResizing.h in Headers */,
				9A12A812138888890029554D /* UIImage+ImageRounding.h in Headers */,
				9A12A815138888890029554D /* UIImage+ImageTrimming.h in Headers */,
				9A12A818138888890029554D /* UIKitAdditions.h in Headers */,
			);
			runOnlyForDeploymentPostprocessing = 0;
		};
/* End PBXHeadersBuildPhase section */

/* Begin PBXNativeTarget section */
		9A12A7C7138884D10029554D /* ImageAdditions */ = {
			isa = PBXNativeTarget;
			buildConfigurationList = 9A12A7EB138884D10029554D /* Build configuration list for PBXNativeTarget "ImageAdditions" */;
			buildPhases = (
				9A12A7C4138884D10029554D /* Sources */,
				9A12A7C5138884D10029554D /* Frameworks */,
				9A12A7C6138884D10029554D /* Headers */,
			);
			buildRules = (
			);
			dependencies = (
			);
			name = ImageAdditions;
			productName = ImageAdditions;
			productReference = 9A12A7C8138884D10029554D /* libImageAdditions.a */;
			productType = "com.apple.product-type.library.static";
		};
		9A12A7D4138884D10029554D /* ImageAdditionsTests */ = {
			isa = PBXNativeTarget;
			buildConfigurationList = 9A12A7EE138884D10029554D /* Build configuration list for PBXNativeTarget "ImageAdditionsTests" */;
			buildPhases = (
				9A12A7D0138884D10029554D /* Sources */,
				9A12A7D1138884D10029554D /* Frameworks */,
				9A12A7D2138884D10029554D /* Resources */,
				9A12A7D3138884D10029554D /* ShellScript */,
			);
			buildRules = (
			);
			dependencies = (
				9A12A7DC138884D10029554D /* PBXTargetDependency */,
			);
			name = ImageAdditionsTests;
			productName = ImageAdditionsTests;
			productReference = 9A12A7D5138884D10029554D /* ImageAdditionsTests.octest */;
			productType = "com.apple.product-type.bundle";
		};
/* End PBXNativeTarget section */

/* Begin PBXProject section */
		9A12A7BF138884D00029554D /* Project object */ = {
			isa = PBXProject;
			attributes = {
				ORGANIZATIONNAME = "Cory Kilger";
			};
			buildConfigurationList = 9A12A7C2138884D00029554D /* Build configuration list for PBXProject "ImageAdditions" */;
			compatibilityVersion = "Xcode 3.2";
			developmentRegion = English;
			hasScannedForEncodings = 0;
			knownRegions = (
				en,
			);
			mainGroup = 9A12A7BD138884D00029554D;
			productRefGroup = 9A12A7C9138884D10029554D /* Products */;
			projectDirPath = "";
			projectRoot = "";
			targets = (
				9A12A7C7138884D10029554D /* ImageAdditions */,
				9A12A7D4138884D10029554D /* ImageAdditionsTests */,
			);
		};
/* End PBXProject section */

/* Begin PBXResourcesBuildPhase section */
		9A12A7D2138884D10029554D /* Resources */ = {
			isa = PBXResourcesBuildPhase;
			buildActionMask = 2147483647;
			files = (
				9A12A7E3138884D10029554D /* InfoPlist.strings in Resources */,
				9A12A7E6138884D10029554D /* ImageAdditionsTests.h in Resources */,
			);
			runOnlyForDeploymentPostprocessing = 0;
		};
/* End PBXResourcesBuildPhase section */

/* Begin PBXShellScriptBuildPhase section */
		9A12A7D3138884D10029554D /* ShellScript */ = {
			isa = PBXShellScriptBuildPhase;
			buildActionMask = 2147483647;
			files = (
			);
			inputPaths = (
			);
			outputPaths = (
			);
			runOnlyForDeploymentPostprocessing = 0;
			shellPath = /bin/sh;
			shellScript = "# Run the unit tests in this test bundle.\n\"${SYSTEM_DEVELOPER_DIR}/Tools/RunUnitTests\"\n";
		};
/* End PBXShellScriptBuildPhase section */

/* Begin PBXSourcesBuildPhase section */
		9A12A7C4138884D10029554D /* Sources */ = {
			isa = PBXSourcesBuildPhase;
			buildActionMask = 2147483647;
			files = (
				9A12A806138888890029554D /* CoreGraphicsAdditions.c in Sources */,
				9A12A80A138888890029554D /* UIImage+ImageBlending.m in Sources */,
				9A12A80D138888890029554D /* UIImage+ImageColoring.m in Sources */,
				9A12A810138888890029554D /* UIImage+ImageResizing.m in Sources */,
				9A12A813138888890029554D /* UIImage+ImageRounding.m in Sources */,
				9A12A816138888890029554D /* UIImage+ImageTrimming.m in Sources */,
				9A12A819138888890029554D /* UIKitAdditions.m in Sources */,
			);
			runOnlyForDeploymentPostprocessing = 0;
		};
		9A12A7D0138884D10029554D /* Sources */ = {
			isa = PBXSourcesBuildPhase;
			buildActionMask = 2147483647;
			files = (
				9A12A7E8138884D10029554D /* ImageAdditionsTests.m in Sources */,
				9A12A807138888890029554D /* CoreGraphicsAdditions.c in Sources */,
				9A12A80B138888890029554D /* UIImage+ImageBlending.m in Sources */,
				9A12A80E138888890029554D /* UIImage+ImageColoring.m in Sources */,
				9A12A811138888890029554D /* UIImage+ImageResizing.m in Sources */,
				9A12A814138888890029554D /* UIImage+ImageRounding.m in Sources */,
				9A12A817138888890029554D /* UIImage+ImageTrimming.m in Sources */,
				9A12A81A138888890029554D /* UIKitAdditions.m in Sources */,
			);
			runOnlyForDeploymentPostprocessing = 0;
		};
/* End PBXSourcesBuildPhase section */

/* Begin PBXTargetDependency section */
		9A12A7DC138884D10029554D /* PBXTargetDependency */ = {
			isa = PBXTargetDependency;
			target = 9A12A7C7138884D10029554D /* ImageAdditions */;
			targetProxy = 9A12A7DB138884D10029554D /* PBXContainerItemProxy */;
		};
/* End PBXTargetDependency section */

/* Begin PBXVariantGroup section */
		9A12A7E1138884D10029554D /* InfoPlist.strings */ = {
			isa = PBXVariantGroup;
			children = (
				9A12A7E2138884D10029554D /* en */,
			);
			name = InfoPlist.strings;
			sourceTree = "<group>";
		};
/* End PBXVariantGroup section */

/* Begin XCBuildConfiguration section */
		9A12A7E9138884D10029554D /* Debug */ = {
			isa = XCBuildConfiguration;
			buildSettings = {
				ARCHS = "$(ARCHS_STANDARD_32_BIT)";
				GCC_C_LANGUAGE_STANDARD = gnu99;
				GCC_OPTIMIZATION_LEVEL = 0;
				GCC_PREPROCESSOR_DEFINITIONS = DEBUG;
				GCC_SYMBOLS_PRIVATE_EXTERN = NO;
				GCC_VERSION = com.apple.compilers.llvmgcc42;
				GCC_WARN_ABOUT_RETURN_TYPE = YES;
				GCC_WARN_UNUSED_VARIABLE = YES;
				IPHONEOS_DEPLOYMENT_TARGET = 4.3;
				SDKROOT = iphoneos;
			};
			name = Debug;
		};
		9A12A7EA138884D10029554D /* Release */ = {
			isa = XCBuildConfiguration;
			buildSettings = {
				ARCHS = "$(ARCHS_STANDARD_32_BIT)";
				GCC_C_LANGUAGE_STANDARD = gnu99;
				GCC_VERSION = com.apple.compilers.llvmgcc42;
				GCC_WARN_ABOUT_RETURN_TYPE = YES;
				GCC_WARN_UNUSED_VARIABLE = YES;
				IPHONEOS_DEPLOYMENT_TARGET = 4.3;
				SDKROOT = iphoneos;
			};
			name = Release;
		};
		9A12A7EC138884D10029554D /* Debug */ = {
			isa = XCBuildConfiguration;
			buildSettings = {
				ALWAYS_SEARCH_USER_PATHS = NO;
				DSTROOT = /tmp/ImageAdditions.dst;
				GCC_PRECOMPILE_PREFIX_HEADER = YES;
				OTHER_LDFLAGS = "-ObjC";
				PRODUCT_NAME = "$(TARGET_NAME)";
			};
			name = Debug;
		};
		9A12A7ED138884D10029554D /* Release */ = {
			isa = XCBuildConfiguration;
			buildSettings = {
				ALWAYS_SEARCH_USER_PATHS = NO;
				DSTROOT = /tmp/ImageAdditions.dst;
				GCC_PRECOMPILE_PREFIX_HEADER = YES;
				OTHER_LDFLAGS = "-ObjC";
				PRODUCT_NAME = "$(TARGET_NAME)";
			};
			name = Release;
		};
		9A12A7EF138884D10029554D /* Debug */ = {
			isa = XCBuildConfiguration;
			buildSettings = {
				ALWAYS_SEARCH_USER_PATHS = NO;
				FRAMEWORK_SEARCH_PATHS = (
					"$(SDKROOT)/Developer/Library/Frameworks",
					"$(DEVELOPER_LIBRARY_DIR)/Frameworks",
				);
				GCC_PRECOMPILE_PREFIX_HEADER = YES;
				GCC_PREFIX_HEADER = "ImageAdditionsTests/ImageAdditionsTests-Prefix.pch";
				INFOPLIST_FILE = "ImageAdditionsTests/ImageAdditionsTests-Info.plist";
				OTHER_LDFLAGS = (
					"-framework",
					SenTestingKit,
				);
				PRODUCT_NAME = "$(TARGET_NAME)";
				WRAPPER_EXTENSION = octest;
			};
			name = Debug;
		};
		9A12A7F0138884D10029554D /* Release */ = {
			isa = XCBuildConfiguration;
			buildSettings = {
				ALWAYS_SEARCH_USER_PATHS = NO;
				FRAMEWORK_SEARCH_PATHS = (
					"$(SDKROOT)/Developer/Library/Frameworks",
					"$(DEVELOPER_LIBRARY_DIR)/Frameworks",
				);
				GCC_PRECOMPILE_PREFIX_HEADER = YES;
				GCC_PREFIX_HEADER = "ImageAdditionsTests/ImageAdditionsTests-Prefix.pch";
				INFOPLIST_FILE = "ImageAdditionsTests/ImageAdditionsTests-Info.plist";
				OTHER_LDFLAGS = (
					"-framework",
					SenTestingKit,
				);
				PRODUCT_NAME = "$(TARGET_NAME)";
				WRAPPER_EXTENSION = octest;
			};
			name = Release;
		};
/* End XCBuildConfiguration section */

/* Begin XCConfigurationList section */
		9A12A7C2138884D00029554D /* Build configuration list for PBXProject "ImageAdditions" */ = {
			isa = XCConfigurationList;
			buildConfigurations = (
				9A12A7E9138884D10029554D /* Debug */,
				9A12A7EA138884D10029554D /* Release */,
			);
			defaultConfigurationIsVisible = 0;
			defaultConfigurationName = Release;
		};
		9A12A7EB138884D10029554D /* Build configuration list for PBXNativeTarget "ImageAdditions" */ = {
			isa = XCConfigurationList;
			buildConfigurations = (
				9A12A7EC138884D10029554D /* Debug */,
				9A12A7ED138884D10029554D /* Release */,
			);
			defaultConfigurationIsVisible = 0;
			defaultConfigurationName = Release;
		};
		9A12A7EE138884D10029554D /* Build configuration list for PBXNativeTarget "ImageAdditionsTests" */ = {
			isa = XCConfigurationList;
			buildConfigurations = (
				9A12A7EF138884D10029554D /* Debug */,
				9A12A7F0138884D10029554D /* Release */,
			);
			defaultConfigurationIsVisible = 0;
			defaultConfigurationName = Release;
		};
/* End XCConfigurationList section */
	};
	rootObject = 9A12A7BF138884D00029554D /* Project object */;
}
