// !$*UTF8*$!
{
	archiveVersion = 1;
	classes = {
	};
	objectVersion = 45;
	objects = {

/* Begin PBXBuildFile section */
		1D3623260D0F684500981E51 /* ImageColoringAppDelegate.m in Sources */ = {isa = PBXBuildFile; fileRef = 1D3623250D0F684500981E51 /* ImageColoringAppDelegate.m */; };
		1D60589B0D05DD56006BFB54 /* main.m in Sources */ = {isa = PBXBuildFile; fileRef = 29B97316FDCFA39411CA2CEA /* main.m */; };
		1D60589F0D05DD5A006BFB54 /* Foundation.framework in Frameworks */ = {isa = PBXBuildFile; fileRef = 1D30AB110D05D00D00671497 /* Foundation.framework */; };
		1DF5F4E00D08C38300B7A737 /* UIKit.framework in Frameworks */ = {isa = PBXBuildFile; fileRef = 1DF5F4DF0D08C38300B7A737 /* UIKit.framework */; };
		288765A50DF7441C002DB57D /* CoreGraphics.framework in Frameworks */ = {isa = PBXBuildFile; fileRef = 288765A40DF7441C002DB57D /* CoreGraphics.framework */; };
		2899E5220DE3E06400AC0155 /* ImageColoringViewController.xib in Resources */ = {isa = PBXBuildFile; fileRef = 2899E5210DE3E06400AC0155 /* ImageColoringViewController.xib */; };
		28AD733F0D9D9553002E5188 /* MainWindow.xib in Resources */ = {isa = PBXBuildFile; fileRef = 28AD733E0D9D9553002E5188 /* MainWindow.xib */; };
		28D7ACF80DDB3853001CB0EB /* ImageColoringViewController.m in Sources */ = {isa = PBXBuildFile; fileRef = 28D7ACF70DDB3853001CB0EB /* ImageColoringViewController.m */; };
		8B70131A12F877DF0048371B /* CoreGraphicsAdditions.c in Sources */ = {isa = PBXBuildFile; fileRef = 8B70130E12F877DF0048371B /* CoreGraphicsAdditions.c */; };
		8B70131B12F877DF0048371B /* UIImage+ImageBlending.m in Sources */ = {isa = PBXBuildFile; fileRef = 8B70131112F877DF0048371B /* UIImage+ImageBlending.m */; };
		8B70131C12F877DF0048371B /* UIImage+ImageResizing.m in Sources */ = {isa = PBXBuildFile; fileRef = 8B70131312F877DF0048371B /* UIImage+ImageResizing.m */; };
		8B70131D12F877DF0048371B /* UIImage+ImageRounding.m in Sources */ = {isa = PBXBuildFile; fileRef = 8B70131512F877DF0048371B /* UIImage+ImageRounding.m */; };
		8B70131E12F877DF0048371B /* UIImage+ImageTrimming.m in Sources */ = {isa = PBXBuildFile; fileRef = 8B70131712F877DF0048371B /* UIImage+ImageTrimming.m */; };
		8B70131F12F877DF0048371B /* UIKitAdditions.m in Sources */ = {isa = PBXBuildFile; fileRef = 8B70131912F877DF0048371B /* UIKitAdditions.m */; };
		8B70132212F8782D0048371B /* UIImage+ImageColoring.m in Sources */ = {isa = PBXBuildFile; fileRef = 8B70132112F8782D0048371B /* UIImage+ImageColoring.m */; };
		8B70132912F87A740048371B /* prince_angry.png in Resources */ = {isa = PBXBuildFile; fileRef = 8B70132712F87A740048371B /* prince_angry.png */; };
		8B70132A12F87A740048371B /* prince_angry@2x.png in Resources */ = {isa = PBXBuildFile; fileRef = 8B70132812F87A740048371B /* prince_angry@2x.png */; };
/* End PBXBuildFile section */

/* Begin PBXFileReference section */
		1D30AB110D05D00D00671497 /* Foundation.framework */ = {isa = PBXFileReference; lastKnownFileType = wrapper.framework; name = Foundation.framework; path = System/Library/Frameworks/Foundation.framework; sourceTree = SDKROOT; };
		1D3623240D0F684500981E51 /* ImageColoringAppDelegate.h */ = {isa = PBXFileReference; fileEncoding = 4; lastKnownFileType = sourcecode.c.h; path = ImageColoringAppDelegate.h; sourceTree = "<group>"; };
		1D3623250D0F684500981E51 /* ImageColoringAppDelegate.m */ = {isa = PBXFileReference; fileEncoding = 4; lastKnownFileType = sourcecode.c.objc; path = ImageColoringAppDelegate.m; sourceTree = "<group>"; };
		1D6058910D05DD3D006BFB54 /* ImageColoring.app */ = {isa = PBXFileReference; explicitFileType = wrapper.application; includeInIndex = 0; path = ImageColoring.app; sourceTree = BUILT_PRODUCTS_DIR; };
		1DF5F4DF0D08C38300B7A737 /* UIKit.framework */ = {isa = PBXFileReference; lastKnownFileType = wrapper.framework; name = UIKit.framework; path = System/Library/Frameworks/UIKit.framework; sourceTree = SDKROOT; };
		288765A40DF7441C002DB57D /* CoreGraphics.framework */ = {isa = PBXFileReference; lastKnownFileType = wrapper.framework; name = CoreGraphics.framework; path = System/Library/Frameworks/CoreGraphics.framework; sourceTree = SDKROOT; };
		2899E5210DE3E06400AC0155 /* ImageColoringViewController.xib */ = {isa = PBXFileReference; lastKnownFileType = file.xib; path = ImageColoringViewController.xib; sourceTree = "<group>"; };
		28AD733E0D9D9553002E5188 /* MainWindow.xib */ = {isa = PBXFileReference; lastKnownFileType = file.xib; path = MainWindow.xib; sourceTree = "<group>"; };
		28D7ACF60DDB3853001CB0EB /* ImageColoringViewController.h */ = {isa = PBXFileReference; fileEncoding = 4; lastKnownFileType = sourcecode.c.h; path = ImageColoringViewController.h; sourceTree = "<group>"; };
		28D7ACF70DDB3853001CB0EB /* ImageColoringViewController.m */ = {isa = PBXFileReference; fileEncoding = 4; lastKnownFileType = sourcecode.c.objc; path = ImageColoringViewController.m; sourceTree = "<group>"; };
		29B97316FDCFA39411CA2CEA /* main.m */ = {isa = PBXFileReference; fileEncoding = 4; lastKnownFileType = sourcecode.c.objc; path = main.m; sourceTree = "<group>"; };
		8B70130D12F877DF0048371B /* CKImageAdditions.h */ = {isa = PBXFileReference; fileEncoding = 4; lastKnownFileType = sourcecode.c.h; path = CKImageAdditions.h; sourceTree = "<group>"; };
		8B70130E12F877DF0048371B /* CoreGraphicsAdditions.c */ = {isa = PBXFileReference; fileEncoding = 4; lastKnownFileType = sourcecode.c.c; path = CoreGraphicsAdditions.c; sourceTree = "<group>"; };
		8B70130F12F877DF0048371B /* CoreGraphicsAdditions.h */ = {isa = PBXFileReference; fileEncoding = 4; lastKnownFileType = sourcecode.c.h; path = CoreGraphicsAdditions.h; sourceTree = "<group>"; };
		8B70131012F877DF0048371B /* UIImage+ImageBlending.h */ = {isa = PBXFileReference; fileEncoding = 4; lastKnownFileType = sourcecode.c.h; path = "UIImage+ImageBlending.h"; sourceTree = "<group>"; };
		8B70131112F877DF0048371B /* UIImage+ImageBlending.m */ = {isa = PBXFileReference; fileEncoding = 4; lastKnownFileType = sourcecode.c.objc; path = "UIImage+ImageBlending.m"; sourceTree = "<group>"; };
		8B70131212F877DF0048371B /* UIImage+ImageResizing.h */ = {isa = PBXFileReference; fileEncoding = 4; lastKnownFileType = sourcecode.c.h; path = "UIImage+ImageResizing.h"; sourceTree = "<group>"; };
		8B70131312F877DF0048371B /* UIImage+ImageResizing.m */ = {isa = PBXFileReference; fileEncoding = 4; lastKnownFileType = sourcecode.c.objc; path = "UIImage+ImageResizing.m"; sourceTree = "<group>"; };
		8B70131412F877DF0048371B /* UIImage+ImageRounding.h */ = {isa = PBXFileReference; fileEncoding = 4; lastKnownFileType = sourcecode.c.h; path = "UIImage+ImageRounding.h"; sourceTree = "<group>"; };
		8B70131512F877DF0048371B /* UIImage+ImageRounding.m */ = {isa = PBXFileReference; fileEncoding = 4; lastKnownFileType = sourcecode.c.objc; path = "UIImage+ImageRounding.m"; sourceTree = "<group>"; };
		8B70131612F877DF0048371B /* UIImage+ImageTrimming.h */ = {isa = PBXFileReference; fileEncoding = 4; lastKnownFileType = sourcecode.c.h; path = "UIImage+ImageTrimming.h"; sourceTree = "<group>"; };
		8B70131712F877DF0048371B /* UIImage+ImageTrimming.m */ = {isa = PBXFileReference; fileEncoding = 4; lastKnownFileType = sourcecode.c.objc; path = "UIImage+ImageTrimming.m"; sourceTree = "<group>"; };
		8B70131812F877DF0048371B /* UIKitAdditions.h */ = {isa = PBXFileReference; fileEncoding = 4; lastKnownFileType = sourcecode.c.h; path = UIKitAdditions.h; sourceTree = "<group>"; };
		8B70131912F877DF0048371B /* UIKitAdditions.m */ = {isa = PBXFileReference; fileEncoding = 4; lastKnownFileType = sourcecode.c.objc; path = UIKitAdditions.m; sourceTree = "<group>"; };
		8B70132012F8782D0048371B /* UIImage+ImageColoring.h */ = {isa = PBXFileReference; fileEncoding = 4; lastKnownFileType = sourcecode.c.h; path = "UIImage+ImageColoring.h"; sourceTree = "<group>"; };
		8B70132112F8782D0048371B /* UIImage+ImageColoring.m */ = {isa = PBXFileReference; fileEncoding = 4; lastKnownFileType = sourcecode.c.objc; path = "UIImage+ImageColoring.m"; sourceTree = "<group>"; };
		8B70132712F87A740048371B /* prince_angry.png */ = {isa = PBXFileReference; lastKnownFileType = image.png; path = prince_angry.png; sourceTree = "<group>"; };
		8B70132812F87A740048371B /* prince_angry@2x.png */ = {isa = PBXFileReference; lastKnownFileType = image.png; path = "prince_angry@2x.png"; sourceTree = "<group>"; };
		8D1107310486CEB800E47090 /* ImageColoring-Info.plist */ = {isa = PBXFileReference; fileEncoding = 4; lastKnownFileType = text.plist.xml; path = "ImageColoring-Info.plist"; plistStructureDefinitionIdentifier = "com.apple.xcode.plist.structure-definition.iphone.info-plist"; sourceTree = "<group>"; };
/* End PBXFileReference section */

/* Begin PBXFrameworksBuildPhase section */
		1D60588F0D05DD3D006BFB54 /* Frameworks */ = {
			isa = PBXFrameworksBuildPhase;
			buildActionMask = 2147483647;
			files = (
				1D60589F0D05DD5A006BFB54 /* Foundation.framework in Frameworks */,
				1DF5F4E00D08C38300B7A737 /* UIKit.framework in Frameworks */,
				288765A50DF7441C002DB57D /* CoreGraphics.framework in Frameworks */,
			);
			runOnlyForDeploymentPostprocessing = 0;
		};
/* End PBXFrameworksBuildPhase section */

/* Begin PBXGroup section */
		080E96DDFE201D6D7F000001 /* Classes */ = {
			isa = PBXGroup;
			children = (
				1D3623240D0F684500981E51 /* ImageColoringAppDelegate.h */,
				1D3623250D0F684500981E51 /* ImageColoringAppDelegate.m */,
				28D7ACF60DDB3853001CB0EB /* ImageColoringViewController.h */,
				28D7ACF70DDB3853001CB0EB /* ImageColoringViewController.m */,
			);
			path = Classes;
			sourceTree = "<group>";
		};
		19C28FACFE9D520D11CA2CBB /* Products */ = {
			isa = PBXGroup;
			children = (
				1D6058910D05DD3D006BFB54 /* ImageColoring.app */,
			);
			name = Products;
			sourceTree = "<group>";
		};
		29B97314FDCFA39411CA2CEA /* CustomTemplate */ = {
			isa = PBXGroup;
			children = (
				8B70130C12F877DF0048371B /* ImageAdditions */,
				080E96DDFE201D6D7F000001 /* Classes */,
				29B97315FDCFA39411CA2CEA /* Other Sources */,
				29B97317FDCFA39411CA2CEA /* Resources */,
				29B97323FDCFA39411CA2CEA /* Frameworks */,
				19C28FACFE9D520D11CA2CBB /* Products */,
			);
			name = CustomTemplate;
			sourceTree = "<group>";
		};
		29B97315FDCFA39411CA2CEA /* Other Sources */ = {
			isa = PBXGroup;
			children = (
				29B97316FDCFA39411CA2CEA /* main.m */,
			);
			name = "Other Sources";
			sourceTree = "<group>";
		};
		29B97317FDCFA39411CA2CEA /* Resources */ = {
			isa = PBXGroup;
			children = (
				8B70132712F87A740048371B /* prince_angry.png */,
				8B70132812F87A740048371B /* prince_angry@2x.png */,
				2899E5210DE3E06400AC0155 /* ImageColoringViewController.xib */,
				28AD733E0D9D9553002E5188 /* MainWindow.xib */,
				8D1107310486CEB800E47090 /* ImageColoring-Info.plist */,
			);
			name = Resources;
			sourceTree = "<group>";
		};
		29B97323FDCFA39411CA2CEA /* Frameworks */ = {
			isa = PBXGroup;
			children = (
				1DF5F4DF0D08C38300B7A737 /* UIKit.framework */,
				1D30AB110D05D00D00671497 /* Foundation.framework */,
				288765A40DF7441C002DB57D /* CoreGraphics.framework */,
			);
			name = Frameworks;
			sourceTree = "<group>";
		};
		8B70130C12F877DF0048371B /* ImageAdditions */ = {
			isa = PBXGroup;
			children = (
				8B70130D12F877DF0048371B /* CKImageAdditions.h */,
				8B70130F12F877DF0048371B /* CoreGraphicsAdditions.h */,
				8B70130E12F877DF0048371B /* CoreGraphicsAdditions.c */,
				8B70131012F877DF0048371B /* UIImage+ImageBlending.h */,
				8B70131112F877DF0048371B /* UIImage+ImageBlending.m */,
				8B70132012F8782D0048371B /* UIImage+ImageColoring.h */,
				8B70132112F8782D0048371B /* UIImage+ImageColoring.m */,
				8B70131212F877DF0048371B /* UIImage+ImageResizing.h */,
				8B70131312F877DF0048371B /* UIImage+ImageResizing.m */,
				8B70131412F877DF0048371B /* UIImage+ImageRounding.h */,
				8B70131512F877DF0048371B /* UIImage+ImageRounding.m */,
				8B70131612F877DF0048371B /* UIImage+ImageTrimming.h */,
				8B70131712F877DF0048371B /* UIImage+ImageTrimming.m */,
				8B70131812F877DF0048371B /* UIKitAdditions.h */,
				8B70131912F877DF0048371B /* UIKitAdditions.m */,
			);
			name = ImageAdditions;
			path = ../../ImageAdditions;
			sourceTree = SOURCE_ROOT;
		};
/* End PBXGroup section */

/* Begin PBXNativeTarget section */
		1D6058900D05DD3D006BFB54 /* ImageColoring */ = {
			isa = PBXNativeTarget;
			buildConfigurationList = 1D6058960D05DD3E006BFB54 /* Build configuration list for PBXNativeTarget "ImageColoring" */;
			buildPhases = (
				1D60588D0D05DD3D006BFB54 /* Resources */,
				1D60588E0D05DD3D006BFB54 /* Sources */,
				1D60588F0D05DD3D006BFB54 /* Frameworks */,
			);
			buildRules = (
			);
			dependencies = (
			);
			name = ImageColoring;
			productName = ImageColoring;
			productReference = 1D6058910D05DD3D006BFB54 /* ImageColoring.app */;
			productType = "com.apple.product-type.application";
		};
/* End PBXNativeTarget section */

/* Begin PBXProject section */
		29B97313FDCFA39411CA2CEA /* Project object */ = {
			isa = PBXProject;
			buildConfigurationList = C01FCF4E08A954540054247B /* Build configuration list for PBXProject "ImageColoring" */;
			compatibilityVersion = "Xcode 3.1";
			developmentRegion = English;
			hasScannedForEncodings = 1;
			knownRegions = (
				English,
				Japanese,
				French,
				German,
			);
			mainGroup = 29B97314FDCFA39411CA2CEA /* CustomTemplate */;
			projectDirPath = "";
			projectRoot = "";
			targets = (
				1D6058900D05DD3D006BFB54 /* ImageColoring */,
			);
		};
/* End PBXProject section */

/* Begin PBXResourcesBuildPhase section */
		1D60588D0D05DD3D006BFB54 /* Resources */ = {
			isa = PBXResourcesBuildPhase;
			buildActionMask = 2147483647;
			files = (
				28AD733F0D9D9553002E5188 /* MainWindow.xib in Resources */,
				2899E5220DE3E06400AC0155 /* ImageColoringViewController.xib in Resources */,
				8B70132912F87A740048371B /* prince_angry.png in Resources */,
				8B70132A12F87A740048371B /* prince_angry@2x.png in Resources */,
			);
			runOnlyForDeploymentPostprocessing = 0;
		};
/* End PBXResourcesBuildPhase section */

/* Begin PBXSourcesBuildPhase section */
		1D60588E0D05DD3D006BFB54 /* Sources */ = {
			isa = PBXSourcesBuildPhase;
			buildActionMask = 2147483647;
			files = (
				1D60589B0D05DD56006BFB54 /* main.m in Sources */,
				1D3623260D0F684500981E51 /* ImageColoringAppDelegate.m in Sources */,
				28D7ACF80DDB3853001CB0EB /* ImageColoringViewController.m in Sources */,
				8B70131A12F877DF0048371B /* CoreGraphicsAdditions.c in Sources */,
				8B70131B12F877DF0048371B /* UIImage+ImageBlending.m in Sources */,
				8B70131C12F877DF0048371B /* UIImage+ImageResizing.m in Sources */,
				8B70131D12F877DF0048371B /* UIImage+ImageRounding.m in Sources */,
				8B70131E12F877DF0048371B /* UIImage+ImageTrimming.m in Sources */,
				8B70131F12F877DF0048371B /* UIKitAdditions.m in Sources */,
				8B70132212F8782D0048371B /* UIImage+ImageColoring.m in Sources */,
			);
			runOnlyForDeploymentPostprocessing = 0;
		};
/* End PBXSourcesBuildPhase section */

/* Begin XCBuildConfiguration section */
		1D6058940D05DD3E006BFB54 /* Debug */ = {
			isa = XCBuildConfiguration;
			buildSettings = {
				ALWAYS_SEARCH_USER_PATHS = NO;
				COPY_PHASE_STRIP = NO;
				GCC_DYNAMIC_NO_PIC = NO;
				GCC_OPTIMIZATION_LEVEL = 0;
				GCC_PRECOMPILE_PREFIX_HEADER = YES;
				INFOPLIST_FILE = "ImageColoring-Info.plist";
				PRODUCT_NAME = ImageColoring;
			};
			name = Debug;
		};
		1D6058950D05DD3E006BFB54 /* Release */ = {
			isa = XCBuildConfiguration;
			buildSettings = {
				ALWAYS_SEARCH_USER_PATHS = NO;
				COPY_PHASE_STRIP = YES;
				GCC_PRECOMPILE_PREFIX_HEADER = YES;
				INFOPLIST_FILE = "ImageColoring-Info.plist";
				PRODUCT_NAME = ImageColoring;
				VALIDATE_PRODUCT = YES;
			};
			name = Release;
		};
		C01FCF4F08A954540054247B /* Debug */ = {
			isa = XCBuildConfiguration;
			buildSettings = {
				ARCHS = "$(ARCHS_STANDARD_32_BIT)";
				"CODE_SIGN_IDENTITY[sdk=iphoneos*]" = "iPhone Developer";
				GCC_C_LANGUAGE_STANDARD = c99;
				GCC_WARN_ABOUT_RETURN_TYPE = YES;
				GCC_WARN_UNUSED_VARIABLE = YES;
				PREBINDING = NO;
				SDKROOT = iphoneos;
			};
			name = Debug;
		};
		C01FCF5008A954540054247B /* Release */ = {
			isa = XCBuildConfiguration;
			buildSettings = {
				ARCHS = "$(ARCHS_STANDARD_32_BIT)";
				"CODE_SIGN_IDENTITY[sdk=iphoneos*]" = "iPhone Developer";
				GCC_C_LANGUAGE_STANDARD = c99;
				GCC_WARN_ABOUT_RETURN_TYPE = YES;
				GCC_WARN_UNUSED_VARIABLE = YES;
				OTHER_CFLAGS = "-DNS_BLOCK_ASSERTIONS=1";
				PREBINDING = NO;
				SDKROOT = iphoneos;
			};
			name = Release;
		};
/* End XCBuildConfiguration section */

/* Begin XCConfigurationList section */
		1D6058960D05DD3E006BFB54 /* Build configuration list for PBXNativeTarget "ImageColoring" */ = {
			isa = XCConfigurationList;
			buildConfigurations = (
				1D6058940D05DD3E006BFB54 /* Debug */,
				1D6058950D05DD3E006BFB54 /* Release */,
			);
			defaultConfigurationIsVisible = 0;
			defaultConfigurationName = Release;
		};
		C01FCF4E08A954540054247B /* Build configuration list for PBXProject "ImageColoring" */ = {
			isa = XCConfigurationList;
			buildConfigurations = (
				C01FCF4F08A954540054247B /* Debug */,
				C01FCF5008A954540054247B /* Release */,
			);
			defaultConfigurationIsVisible = 0;
			defaultConfigurationName = Release;
		};
/* End XCConfigurationList section */
	};
	rootObject = 29B97313FDCFA39411CA2CEA /* Project object */;
}
